
Microsoft Visual Studio Solution File, Format Version 12.00
# Visual Studio Version 17
VisualStudioVersion = 17.11.35303.130
MinimumVisualStudioVersion = 10.0.40219.1
Project("{2150E333-8FDC-42A3-9474-1A3956D46DE8}") = "Task0", "Task0", "{B920B956-69B9-4FED-B5D9-EFB35EFDDA1D}"
EndProject
Project("{9A19103F-16F7-4668-BE54-9A1E7A4F7556}") = "Tyuiu.BondarevTK.Sprint0.Task0.V0", "Tyuiu.BondarevTK.Sprint0.Task0.V0\Tyuiu.BondarevTK.Sprint0.Task0.V0.csproj", "{A9FD9CC3-6C05-429B-9905-D4259D3C71DE}"
EndProject
Project("{2150E333-8FDC-42A3-9474-1A3956D46DE8}") = "Task1", "Task1", "{1F7166EE-A399-49AF-9E6C-C5608B668EA6}"
EndProject
Project("{9A19103F-16F7-4668-BE54-9A1E7A4F7556}") = "Tyuiu.BondarevTK.Sprint0.Task1.V0", "Tyuiu.BondarevTK.Sprint0.Task1.V0\Tyuiu.BondarevTK.Sprint0.Task1.V0.csproj", "{A541DCF1-C06F-480A-B333-B32BBF37F9D4}"
EndProject
Project("{2150E333-8FDC-42A3-9474-1A3956D46DE8}") = "Task2", "Task2", "{36CCDD26-BB2D-4770-A354-55E2AE7B5594}"
EndProject
Project("{9A19103F-16F7-4668-BE54-9A1E7A4F7556}") = "Tyuiu.BondarevTK.Sprint0.Task2.V0", "Tyuiu.BondarevTK.Sprint0.Task2.V0\Tyuiu.BondarevTK.Sprint0.Task2.V0.csproj", "{0E8B33A8-41C2-4804-AE7E-963B095FC52E}"
EndProject
Project("{9A19103F-16F7-4668-BE54-9A1E7A4F7556}") = "Tyuiu.BondarevTK.Sprint0.Task2.V0.Lib", "Tyuiu.BondarevTK.Sprint0.Task2.V0.Lib\Tyuiu.BondarevTK.Sprint0.Task2.V0.Lib.csproj", "{C6F91F28-A559-4FA7-A3E1-1DC244D08E8D}"
EndProject
Project("{9A19103F-16F7-4668-BE54-9A1E7A4F7556}") = "Tyuiu.BondarevTK.Sprint0.Task2.V0.Test", "Tyuiu.BondarevTK.Sprint0.Task2.V0.Test\Tyuiu.BondarevTK.Sprint0.Task2.V0.Test.csproj", "{CA413206-053C-48C1-991F-4917015B0A42}"
EndProject
Project("{2150E333-8FDC-42A3-9474-1A3956D46DE8}") = "Task3", "Task3", "{4DAB65AB-CCC0-40C7-B9F5-D13BBB1B24D1}"
EndProject
Project("{9A19103F-16F7-4668-BE54-9A1E7A4F7556}") = "Tyuiu.BondarevTK.Sprint0.Task3.V0", "Tyuiu.BondarevTK.Sprint0.Task3.V0\Tyuiu.BondarevTK.Sprint0.Task3.V0.csproj", "{0457419B-4B32-41A6-8928-975DC45CA0F0}"
EndProject
Project("{9A19103F-16F7-4668-BE54-9A1E7A4F7556}") = "Tyuiu.BondarevTK.Sprint0.Task3.V0.Test", "Tyuiu.BondarevTK.Sprint0.Task3.V0.Test\Tyuiu.BondarevTK.Sprint0.Task3.V0.Test.csproj", "{0713D0F2-2450-467F-952D-A5CB78B59D65}"
EndProject
Project("{9A19103F-16F7-4668-BE54-9A1E7A4F7556}") = "Tyuiu.BondarevTK.Sprint0.Task3.V0.Lib", "Tyuiu.BondarevTK.Sprint0.Task3.V0.Lib\Tyuiu.BondarevTK.Sprint0.Task3.V0.Lib.csproj", "{7FD49524-A819-4F9D-B5C6-4EC08A9F6674}"
EndProject
Project("{2150E333-8FDC-42A3-9474-1A3956D46DE8}") = "Task4", "Task4", "{14F459D4-47C9-42E3-B1B9-097650A11235}"
EndProject
Project("{9A19103F-16F7-4668-BE54-9A1E7A4F7556}") = "Tyuiu.BondarevTK.Sprint0.Task4.V0.Lib", "Tyuiu.BondarevTK.Sprint0.Task4.V0.lib\Tyuiu.BondarevTK.Sprint0.Task4.V0.Lib.csproj", "{6D00E947-4CBA-4A77-8649-1B160C34FFFA}"
EndProject
Project("{FAE04EC0-301F-11D3-BF4B-00C04F79EFBC}") = "Tyuiu.BondarevTK.Sprint0.Task4.V0.Test", "Tyuiu.BondarevTK.Sprint0.Task4.V0.Test\Tyuiu.BondarevTK.Sprint0.Task4.V0.Test.csproj", "{A56F3F8C-EAD3-440C-935F-7A6287BE7A8C}"
EndProject
Project("{FAE04EC0-301F-11D3-BF4B-00C04F79EFBC}") = "Tyuiu.BondarevTK.Sprint0.Task4.V0", "Tyuiu.BondarevTK.Sprint0.Task4.V0\Tyuiu.BondarevTK.Sprint0.Task4.V0.csproj", "{63361FF8-9B1B-41EF-835B-58AEBA06AAD9}"
EndProject
Project("{2150E333-8FDC-42A3-9474-1A3956D46DE8}") = "Task5", "Task5", "{FCFAD746-D82F-4DE8-A160-A252AED68706}"
EndProject
Project("{FAE04EC0-301F-11D3-BF4B-00C04F79EFBC}") = "Tyuiu.BondarevTK.Sprint0.Task5.V0", "Tyuiu.BondarevTK.Sprint0.Task5.V0\Tyuiu.BondarevTK.Sprint0.Task5.V0.csproj", "{3B1D5D37-925A-4C9A-93A7-1FBCE4380355}"
EndProject
Project("{FAE04EC0-301F-11D3-BF4B-00C04F79EFBC}") = "Tyuiu.BondarevTK.Sprint0.Task5.V0.Test", "Tyuiu.BondarevTK.Sprint0.Task5.V0.Test\Tyuiu.BondarevTK.Sprint0.Task5.V0.Test.csproj", "{CCF2BDC7-3A9D-4934-A5AE-FE16D5FDAE20}"
EndProject
Project("{FAE04EC0-301F-11D3-BF4B-00C04F79EFBC}") = "Tyuiu.BondarevTK.Sprint0.Task5.V0.Lib", "Tyuiu.BondarevTK.Sprint0.Task5.V0.Lib\Tyuiu.BondarevTK.Sprint0.Task5.V0.Lib.csproj", "{A2B8088B-1B9B-48CA-A655-9D9E661E01E1}"
EndProject
Global
	GlobalSection(SolutionConfigurationPlatforms) = preSolution
		Debug|Any CPU = Debug|Any CPU
		Release|Any CPU = Release|Any CPU
	EndGlobalSection
	GlobalSection(ProjectConfigurationPlatforms) = postSolution
		{A9FD9CC3-6C05-429B-9905-D4259D3C71DE}.Debug|Any CPU.ActiveCfg = Debug|Any CPU
		{A9FD9CC3-6C05-429B-9905-D4259D3C71DE}.Debug|Any CPU.Build.0 = Debug|Any CPU
		{A9FD9CC3-6C05-429B-9905-D4259D3C71DE}.Release|Any CPU.ActiveCfg = Release|Any CPU
		{A9FD9CC3-6C05-429B-9905-D4259D3C71DE}.Release|Any CPU.Build.0 = Release|Any CPU
		{A541DCF1-C06F-480A-B333-B32BBF37F9D4}.Debug|Any CPU.ActiveCfg = Debug|Any CPU
		{A541DCF1-C06F-480A-B333-B32BBF37F9D4}.Debug|Any CPU.Build.0 = Debug|Any CPU
		{A541DCF1-C06F-480A-B333-B32BBF37F9D4}.Release|Any CPU.ActiveCfg = Release|Any CPU
		{A541DCF1-C06F-480A-B333-B32BBF37F9D4}.Release|Any CPU.Build.0 = Release|Any CPU
		{0E8B33A8-41C2-4804-AE7E-963B095FC52E}.Debug|Any CPU.ActiveCfg = Debug|Any CPU
		{0E8B33A8-41C2-4804-AE7E-963B095FC52E}.Debug|Any CPU.Build.0 = Debug|Any CPU
		{0E8B33A8-41C2-4804-AE7E-963B095FC52E}.Release|Any CPU.ActiveCfg = Release|Any CPU
		{0E8B33A8-41C2-4804-AE7E-963B095FC52E}.Release|Any CPU.Build.0 = Release|Any CPU
		{C6F91F28-A559-4FA7-A3E1-1DC244D08E8D}.Debug|Any CPU.ActiveCfg = Debug|Any CPU
		{C6F91F28-A559-4FA7-A3E1-1DC244D08E8D}.Debug|Any CPU.Build.0 = Debug|Any CPU
		{C6F91F28-A559-4FA7-A3E1-1DC244D08E8D}.Release|Any CPU.ActiveCfg = Release|Any CPU
		{C6F91F28-A559-4FA7-A3E1-1DC244D08E8D}.Release|Any CPU.Build.0 = Release|Any CPU
		{CA413206-053C-48C1-991F-4917015B0A42}.Debug|Any CPU.ActiveCfg = Debug|Any CPU
		{CA413206-053C-48C1-991F-4917015B0A42}.Debug|Any CPU.Build.0 = Debug|Any CPU
		{CA413206-053C-48C1-991F-4917015B0A42}.Release|Any CPU.ActiveCfg = Release|Any CPU
		{CA413206-053C-48C1-991F-4917015B0A42}.Release|Any CPU.Build.0 = Release|Any CPU
		{0457419B-4B32-41A6-8928-975DC45CA0F0}.Debug|Any CPU.ActiveCfg = Debug|Any CPU
		{0457419B-4B32-41A6-8928-975DC45CA0F0}.Debug|Any CPU.Build.0 = Debug|Any CPU
		{0457419B-4B32-41A6-8928-975DC45CA0F0}.Release|Any CPU.ActiveCfg = Release|Any CPU
		{0457419B-4B32-41A6-8928-975DC45CA0F0}.Release|Any CPU.Build.0 = Release|Any CPU
		{0713D0F2-2450-467F-952D-A5CB78B59D65}.Debug|Any CPU.ActiveCfg = Debug|Any CPU
		{0713D0F2-2450-467F-952D-A5CB78B59D65}.Debug|Any CPU.Build.0 = Debug|Any CPU
		{0713D0F2-2450-467F-952D-A5CB78B59D65}.Release|Any CPU.ActiveCfg = Release|Any CPU
		{0713D0F2-2450-467F-952D-A5CB78B59D65}.Release|Any CPU.Build.0 = Release|Any CPU
		{7FD49524-A819-4F9D-B5C6-4EC08A9F6674}.Debug|Any CPU.ActiveCfg = Debug|Any CPU
		{7FD49524-A819-4F9D-B5C6-4EC08A9F6674}.Debug|Any CPU.Build.0 = Debug|Any CPU
		{7FD49524-A819-4F9D-B5C6-4EC08A9F6674}.Release|Any CPU.ActiveCfg = Release|Any CPU
		{7FD49524-A819-4F9D-B5C6-4EC08A9F6674}.Release|Any CPU.Build.0 = Release|Any CPU
		{6D00E947-4CBA-4A77-8649-1B160C34FFFA}.Debug|Any CPU.ActiveCfg = Debug|Any CPU
		{6D00E947-4CBA-4A77-8649-1B160C34FFFA}.Debug|Any CPU.Build.0 = Debug|Any CPU
		{6D00E947-4CBA-4A77-8649-1B160C34FFFA}.Release|Any CPU.ActiveCfg = Release|Any CPU
		{6D00E947-4CBA-4A77-8649-1B160C34FFFA}.Release|Any CPU.Build.0 = Release|Any CPU
		{A56F3F8C-EAD3-440C-935F-7A6287BE7A8C}.Debug|Any CPU.ActiveCfg = Debug|Any CPU
		{A56F3F8C-EAD3-440C-935F-7A6287BE7A8C}.Debug|Any CPU.Build.0 = Debug|Any CPU
		{A56F3F8C-EAD3-440C-935F-7A6287BE7A8C}.Release|Any CPU.ActiveCfg = Release|Any CPU
		{A56F3F8C-EAD3-440C-935F-7A6287BE7A8C}.Release|Any CPU.Build.0 = Release|Any CPU
		{63361FF8-9B1B-41EF-835B-58AEBA06AAD9}.Debug|Any CPU.ActiveCfg = Debug|Any CPU
		{63361FF8-9B1B-41EF-835B-58AEBA06AAD9}.Debug|Any CPU.Build.0 = Debug|Any CPU
		{63361FF8-9B1B-41EF-835B-58AEBA06AAD9}.Release|Any CPU.ActiveCfg = Release|Any CPU
		{63361FF8-9B1B-41EF-835B-58AEBA06AAD9}.Release|Any CPU.Build.0 = Release|Any CPU
		{3B1D5D37-925A-4C9A-93A7-1FBCE4380355}.Debug|Any CPU.ActiveCfg = Debug|Any CPU
		{3B1D5D37-925A-4C9A-93A7-1FBCE4380355}.Debug|Any CPU.Build.0 = Debug|Any CPU
		{3B1D5D37-925A-4C9A-93A7-1FBCE4380355}.Release|Any CPU.ActiveCfg = Release|Any CPU
		{3B1D5D37-925A-4C9A-93A7-1FBCE4380355}.Release|Any CPU.Build.0 = Release|Any CPU
		{CCF2BDC7-3A9D-4934-A5AE-FE16D5FDAE20}.Debug|Any CPU.ActiveCfg = Debug|Any CPU
		{CCF2BDC7-3A9D-4934-A5AE-FE16D5FDAE20}.Debug|Any CPU.Build.0 = Debug|Any CPU
		{CCF2BDC7-3A9D-4934-A5AE-FE16D5FDAE20}.Release|Any CPU.ActiveCfg = Release|Any CPU
		{CCF2BDC7-3A9D-4934-A5AE-FE16D5FDAE20}.Release|Any CPU.Build.0 = Release|Any CPU
		{A2B8088B-1B9B-48CA-A655-9D9E661E01E1}.Debug|Any CPU.ActiveCfg = Debug|Any CPU
		{A2B8088B-1B9B-48CA-A655-9D9E661E01E1}.Debug|Any CPU.Build.0 = Debug|Any CPU
		{A2B8088B-1B9B-48CA-A655-9D9E661E01E1}.Release|Any CPU.ActiveCfg = Release|Any CPU
		{A2B8088B-1B9B-48CA-A655-9D9E661E01E1}.Release|Any CPU.Build.0 = Release|Any CPU
	EndGlobalSection
	GlobalSection(SolutionProperties) = preSolution
		HideSolutionNode = FALSE
	EndGlobalSection
	GlobalSection(NestedProjects) = preSolution
		{A9FD9CC3-6C05-429B-9905-D4259D3C71DE} = {B920B956-69B9-4FED-B5D9-EFB35EFDDA1D}
		{A541DCF1-C06F-480A-B333-B32BBF37F9D4} = {1F7166EE-A399-49AF-9E6C-C5608B668EA6}
		{0E8B33A8-41C2-4804-AE7E-963B095FC52E} = {36CCDD26-BB2D-4770-A354-55E2AE7B5594}
		{C6F91F28-A559-4FA7-A3E1-1DC244D08E8D} = {36CCDD26-BB2D-4770-A354-55E2AE7B5594}
		{CA413206-053C-48C1-991F-4917015B0A42} = {36CCDD26-BB2D-4770-A354-55E2AE7B5594}
		{0457419B-4B32-41A6-8928-975DC45CA0F0} = {4DAB65AB-CCC0-40C7-B9F5-D13BBB1B24D1}
		{0713D0F2-2450-467F-952D-A5CB78B59D65} = {4DAB65AB-CCC0-40C7-B9F5-D13BBB1B24D1}
		{7FD49524-A819-4F9D-B5C6-4EC08A9F6674} = {4DAB65AB-CCC0-40C7-B9F5-D13BBB1B24D1}
		{6D00E947-4CBA-4A77-8649-1B160C34FFFA} = {14F459D4-47C9-42E3-B1B9-097650A11235}
		{A56F3F8C-EAD3-440C-935F-7A6287BE7A8C} = {14F459D4-47C9-42E3-B1B9-097650A11235}
		{63361FF8-9B1B-41EF-835B-58AEBA06AAD9} = {14F459D4-47C9-42E3-B1B9-097650A11235}
		{3B1D5D37-925A-4C9A-93A7-1FBCE4380355} = {FCFAD746-D82F-4DE8-A160-A252AED68706}
		{CCF2BDC7-3A9D-4934-A5AE-FE16D5FDAE20} = {FCFAD746-D82F-4DE8-A160-A252AED68706}
		{A2B8088B-1B9B-48CA-A655-9D9E661E01E1} = {FCFAD746-D82F-4DE8-A160-A252AED68706}
	EndGlobalSection
	GlobalSection(ExtensibilityGlobals) = postSolution
		SolutionGuid = {BCD001C4-6F55-4B05-9160-3957B187B77D}
	EndGlobalSection
EndGlobal
